
Microsoft Visual Studio Solution File, Format Version 12.00
# Visual Studio Version 16
VisualStudioVersion = 25.0.1706.14
MinimumVisualStudioVersion = 10.0.40219.1
Project("{FAE04EC0-301F-11D3-BF4B-00C04F79EFBC}") = "anime_project", "anime_project\anime_project.csproj", "{56F24589-89C6-4BDB-B348-826EC4DDDF6A}"
EndProject
Global
	GlobalSection(SolutionConfigurationPlatforms) = preSolution
		Debug|Any CPU = Debug|Any CPU
		Release|Any CPU = Release|Any CPU
	EndGlobalSection
	GlobalSection(ProjectConfigurationPlatforms) = postSolution
		{56F24589-89C6-4BDB-B348-826EC4DDDF6A}.Debug|Any CPU.ActiveCfg = Debug|Any CPU
		{56F24589-89C6-4BDB-B348-826EC4DDDF6A}.Debug|Any CPU.Build.0 = Debug|Any CPU
		{56F24589-89C6-4BDB-B348-826EC4DDDF6A}.Release|Any CPU.ActiveCfg = Release|Any CPU
		{56F24589-89C6-4BDB-B348-826EC4DDDF6A}.Release|Any CPU.Build.0 = Release|Any CPU
	EndGlobalSection
	GlobalSection(SolutionProperties) = preSolution
		HideSolutionNode = FALSE
	EndGlobalSection
	GlobalSection(ExtensibilityGlobals) = postSolution
		SolutionGuid = {791894FC-74B4-45C4-9DEF-A2ADB813743F}
	EndGlobalSection
EndGlobal
